
Microsoft Visual Studio Solution File, Format Version 11.00
# Visual Studio 2010
Project("{8BC9CEB8-8B4A-11D0-8D11-00A0C91BC942}") = "简单C实现扫雷", "简单C实现扫雷\简单C实现扫雷.vcxproj", "{62561CD4-2607-48DB-A20C-A8F10219EABA}"
EndProject
Global
	GlobalSection(SolutionConfigurationPlatforms) = preSolution
		Debug|Win32 = Debug|Win32
		Release|Win32 = Release|Win32
	EndGlobalSection
	GlobalSection(ProjectConfigurationPlatforms) = postSolution
		{62561CD4-2607-48DB-A20C-A8F10219EABA}.Debug|Win32.ActiveCfg = Debug|Win32
		{62561CD4-2607-48DB-A20C-A8F10219EABA}.Debug|Win32.Build.0 = Debug|Win32
		{62561CD4-2607-48DB-A20C-A8F10219EABA}.Release|Win32.ActiveCfg = Release|Win32
		{62561CD4-2607-48DB-A20C-A8F10219EABA}.Release|Win32.Build.0 = Release|Win32
	EndGlobalSection
	GlobalSection(SolutionProperties) = preSolution
		HideSolutionNode = FALSE
	EndGlobalSection
EndGlobal
