
Microsoft Visual Studio Solution File, Format Version 11.00
# Visual Studio 2010
Project("{8BC9CEB8-8B4A-11D0-8D11-00A0C91BC942}") = "19-2", "19-2\19-2.vcxproj", "{6070CD79-ECCA-4D5F-8642-BAED8594BB83}"
EndProject
Global
	GlobalSection(SolutionConfigurationPlatforms) = preSolution
		Debug|Win32 = Debug|Win32
		Release|Win32 = Release|Win32
	EndGlobalSection
	GlobalSection(ProjectConfigurationPlatforms) = postSolution
		{6070CD79-ECCA-4D5F-8642-BAED8594BB83}.Debug|Win32.ActiveCfg = Debug|Win32
		{6070CD79-ECCA-4D5F-8642-BAED8594BB83}.Debug|Win32.Build.0 = Debug|Win32
		{6070CD79-ECCA-4D5F-8642-BAED8594BB83}.Release|Win32.ActiveCfg = Release|Win32
		{6070CD79-ECCA-4D5F-8642-BAED8594BB83}.Release|Win32.Build.0 = Release|Win32
	EndGlobalSection
	GlobalSection(SolutionProperties) = preSolution
		HideSolutionNode = FALSE
	EndGlobalSection
EndGlobal
