
Microsoft Visual Studio Solution File, Format Version 11.00
# Visual Studio 2010
Project("{8BC9CEB8-8B4A-11D0-8D11-00A0C91BC942}") = "16-6", "16-6\16-6.vcxproj", "{F9F924E3-3CED-439D-9955-8D4C2ABA7F58}"
EndProject
Global
	GlobalSection(SolutionConfigurationPlatforms) = preSolution
		Debug|Win32 = Debug|Win32
		Release|Win32 = Release|Win32
	EndGlobalSection
	GlobalSection(ProjectConfigurationPlatforms) = postSolution
		{F9F924E3-3CED-439D-9955-8D4C2ABA7F58}.Debug|Win32.ActiveCfg = Debug|Win32
		{F9F924E3-3CED-439D-9955-8D4C2ABA7F58}.Debug|Win32.Build.0 = Debug|Win32
		{F9F924E3-3CED-439D-9955-8D4C2ABA7F58}.Release|Win32.ActiveCfg = Release|Win32
		{F9F924E3-3CED-439D-9955-8D4C2ABA7F58}.Release|Win32.Build.0 = Release|Win32
	EndGlobalSection
	GlobalSection(SolutionProperties) = preSolution
		HideSolutionNode = FALSE
	EndGlobalSection
EndGlobal
