
Microsoft Visual Studio Solution File, Format Version 11.00
# Visual Studio 2010
Project("{8BC9CEB8-8B4A-11D0-8D11-00A0C91BC942}") = "将三个数按从大到小输出", "将三个数按从大到小输出\将三个数按从大到小输出.vcxproj", "{94467260-70E4-4F98-A855-178E4788747D}"
EndProject
Global
	GlobalSection(SolutionConfigurationPlatforms) = preSolution
		Debug|Win32 = Debug|Win32
		Release|Win32 = Release|Win32
	EndGlobalSection
	GlobalSection(ProjectConfigurationPlatforms) = postSolution
		{94467260-70E4-4F98-A855-178E4788747D}.Debug|Win32.ActiveCfg = Debug|Win32
		{94467260-70E4-4F98-A855-178E4788747D}.Debug|Win32.Build.0 = Debug|Win32
		{94467260-70E4-4F98-A855-178E4788747D}.Release|Win32.ActiveCfg = Release|Win32
		{94467260-70E4-4F98-A855-178E4788747D}.Release|Win32.Build.0 = Release|Win32
	EndGlobalSection
	GlobalSection(SolutionProperties) = preSolution
		HideSolutionNode = FALSE
	EndGlobalSection
EndGlobal
