
Microsoft Visual Studio Solution File, Format Version 11.00
# Visual Studio 2010
Project("{8BC9CEB8-8B4A-11D0-8D11-00A0C91BC942}") = "输出一个整数的每一位", "输出一个整数的每一位\输出一个整数的每一位.vcxproj", "{3DB5C59F-DB94-43D2-9B5E-D1E935A09C0B}"
EndProject
Global
	GlobalSection(SolutionConfigurationPlatforms) = preSolution
		Debug|Win32 = Debug|Win32
		Release|Win32 = Release|Win32
	EndGlobalSection
	GlobalSection(ProjectConfigurationPlatforms) = postSolution
		{3DB5C59F-DB94-43D2-9B5E-D1E935A09C0B}.Debug|Win32.ActiveCfg = Debug|Win32
		{3DB5C59F-DB94-43D2-9B5E-D1E935A09C0B}.Debug|Win32.Build.0 = Debug|Win32
		{3DB5C59F-DB94-43D2-9B5E-D1E935A09C0B}.Release|Win32.ActiveCfg = Release|Win32
		{3DB5C59F-DB94-43D2-9B5E-D1E935A09C0B}.Release|Win32.Build.0 = Release|Win32
	EndGlobalSection
	GlobalSection(SolutionProperties) = preSolution
		HideSolutionNode = FALSE
	EndGlobalSection
EndGlobal
