<?xml version="1.0" encoding="utf-8"?>
<Project ToolsVersion="12.0" xmlns="http://schemas.microsoft.com/developer/msbuild/2003">
  <ItemGroup>
    <ClCompile Include="CentralCache.cpp" />
    <ClCompile Include="Test.cpp" />
    <ClCompile Include="Threadcache.cpp" />
    <ClCompile Include="PageCache.cpp" />
  </ItemGroup>
  <ItemGroup>
    <ClInclude Include="CentralCache.h" />
    <ClInclude Include="common.h" />
    <ClInclude Include="Threadcache.h" />
    <ClInclude Include="PageCache.h" />
  </ItemGroup>
</Project>