
Microsoft Visual Studio Solution File, Format Version 11.00
# Visual Studio 2010
Project("{8BC9CEB8-8B4A-11D0-8D11-00A0C91BC942}") = "打印100-200之间的素数", "打印100-200之间的素数\打印100-200之间的素数.vcxproj", "{31994716-E22A-40ED-A710-C7F299B6AAF1}"
EndProject
Global
	GlobalSection(SolutionConfigurationPlatforms) = preSolution
		Debug|Win32 = Debug|Win32
		Release|Win32 = Release|Win32
	EndGlobalSection
	GlobalSection(ProjectConfigurationPlatforms) = postSolution
		{31994716-E22A-40ED-A710-C7F299B6AAF1}.Debug|Win32.ActiveCfg = Debug|Win32
		{31994716-E22A-40ED-A710-C7F299B6AAF1}.Debug|Win32.Build.0 = Debug|Win32
		{31994716-E22A-40ED-A710-C7F299B6AAF1}.Release|Win32.ActiveCfg = Release|Win32
		{31994716-E22A-40ED-A710-C7F299B6AAF1}.Release|Win32.Build.0 = Release|Win32
	EndGlobalSection
	GlobalSection(SolutionProperties) = preSolution
		HideSolutionNode = FALSE
	EndGlobalSection
EndGlobal
