
Microsoft Visual Studio Solution File, Format Version 11.00
# Visual Studio 2010
Project("{8BC9CEB8-8B4A-11D0-8D11-00A0C91BC942}") = "判断year是不是润年", "判断year是不是润年\判断year是不是润年.vcxproj", "{08CEC7AC-CD9A-4933-A0D6-76BAF8D9F78C}"
EndProject
Global
	GlobalSection(SolutionConfigurationPlatforms) = preSolution
		Debug|Win32 = Debug|Win32
		Release|Win32 = Release|Win32
	EndGlobalSection
	GlobalSection(ProjectConfigurationPlatforms) = postSolution
		{08CEC7AC-CD9A-4933-A0D6-76BAF8D9F78C}.Debug|Win32.ActiveCfg = Debug|Win32
		{08CEC7AC-CD9A-4933-A0D6-76BAF8D9F78C}.Debug|Win32.Build.0 = Debug|Win32
		{08CEC7AC-CD9A-4933-A0D6-76BAF8D9F78C}.Release|Win32.ActiveCfg = Release|Win32
		{08CEC7AC-CD9A-4933-A0D6-76BAF8D9F78C}.Release|Win32.Build.0 = Release|Win32
	EndGlobalSection
	GlobalSection(SolutionProperties) = preSolution
		HideSolutionNode = FALSE
	EndGlobalSection
EndGlobal
